
Microsoft Visual Studio Solution File, Format Version 12.00
# Visual Studio Version 17
VisualStudioVersion = 17.4.33213.308
MinimumVisualStudioVersion = 10.0.40219.1
Project("{FAE04EC0-301F-11D3-BF4B-00C04F79EFBC}") = "FastFood.Presentation", "FastFood\FastFood.Presentation.csproj", "{A3592485-D32D-4565-BBFF-50AF2E5E596A}"
EndProject
Project("{FAE04EC0-301F-11D3-BF4B-00C04F79EFBC}") = "FastFood.Domain", "FastFood.Domain\FastFood.Domain.csproj", "{A1775627-365E-4B3B-86AB-B6989F7EB73B}"
EndProject
Project("{FAE04EC0-301F-11D3-BF4B-00C04F79EFBC}") = "FastFood.Data", "FastFood.Data\FastFood.Data.csproj", "{D2C6EEE8-2EC0-4B6D-89A6-0693C4259E7C}"
EndProject
Project("{FAE04EC0-301F-11D3-BF4B-00C04F79EFBC}") = "FastFood.Service", "FastFood.Service\FastFood.Service.csproj", "{732F2440-4575-4493-B5A8-AC3BA8483DFA}"
EndProject
Global
	GlobalSection(SolutionConfigurationPlatforms) = preSolution
		Debug|Any CPU = Debug|Any CPU
		Release|Any CPU = Release|Any CPU
	EndGlobalSection
	GlobalSection(ProjectConfigurationPlatforms) = postSolution
		{A3592485-D32D-4565-BBFF-50AF2E5E596A}.Debug|Any CPU.ActiveCfg = Debug|Any CPU
		{A3592485-D32D-4565-BBFF-50AF2E5E596A}.Debug|Any CPU.Build.0 = Debug|Any CPU
		{A3592485-D32D-4565-BBFF-50AF2E5E596A}.Release|Any CPU.ActiveCfg = Release|Any CPU
		{A3592485-D32D-4565-BBFF-50AF2E5E596A}.Release|Any CPU.Build.0 = Release|Any CPU
		{A1775627-365E-4B3B-86AB-B6989F7EB73B}.Debug|Any CPU.ActiveCfg = Debug|Any CPU
		{A1775627-365E-4B3B-86AB-B6989F7EB73B}.Debug|Any CPU.Build.0 = Debug|Any CPU
		{A1775627-365E-4B3B-86AB-B6989F7EB73B}.Release|Any CPU.ActiveCfg = Release|Any CPU
		{A1775627-365E-4B3B-86AB-B6989F7EB73B}.Release|Any CPU.Build.0 = Release|Any CPU
		{D2C6EEE8-2EC0-4B6D-89A6-0693C4259E7C}.Debug|Any CPU.ActiveCfg = Debug|Any CPU
		{D2C6EEE8-2EC0-4B6D-89A6-0693C4259E7C}.Debug|Any CPU.Build.0 = Debug|Any CPU
		{D2C6EEE8-2EC0-4B6D-89A6-0693C4259E7C}.Release|Any CPU.ActiveCfg = Release|Any CPU
		{D2C6EEE8-2EC0-4B6D-89A6-0693C4259E7C}.Release|Any CPU.Build.0 = Release|Any CPU
		{732F2440-4575-4493-B5A8-AC3BA8483DFA}.Debug|Any CPU.ActiveCfg = Debug|Any CPU
		{732F2440-4575-4493-B5A8-AC3BA8483DFA}.Debug|Any CPU.Build.0 = Debug|Any CPU
		{732F2440-4575-4493-B5A8-AC3BA8483DFA}.Release|Any CPU.ActiveCfg = Release|Any CPU
		{732F2440-4575-4493-B5A8-AC3BA8483DFA}.Release|Any CPU.Build.0 = Release|Any CPU
	EndGlobalSection
	GlobalSection(SolutionProperties) = preSolution
		HideSolutionNode = FALSE
	EndGlobalSection
	GlobalSection(ExtensibilityGlobals) = postSolution
		SolutionGuid = {1DF44C80-6175-453A-998C-481AC758B56F}
	EndGlobalSection
EndGlobal
